// !$*UTF8*$!
{
	archiveVersion = 1;
	classes = {
	};
	objectVersion = 46;
	objects = {

/* Begin PBXBuildFile section */
		01EC5DA41BC856350028FEFA /* AppDelegate.swift in Sources */ = {isa = PBXBuildFile; fileRef = 01EC5DA31BC856350028FEFA /* AppDelegate.swift */; };
		01EC5DA61BC856350028FEFA /* ViewController.swift in Sources */ = {isa = PBXBuildFile; fileRef = 01EC5DA51BC856350028FEFA /* ViewController.swift */; };
		01EC5DA91BC856350028FEFA /* Main.storyboard in Resources */ = {isa = PBXBuildFile; fileRef = 01EC5DA71BC856350028FEFA /* Main.storyboard */; };
		01EC5DAB1BC856350028FEFA /* Assets.xcassets in Resources */ = {isa = PBXBuildFile; fileRef = 01EC5DAA1BC856350028FEFA /* Assets.xcassets */; };
		01EC5DAE1BC856350028FEFA /* LaunchScreen.storyboard in Resources */ = {isa = PBXBuildFile; fileRef = 01EC5DAC1BC856350028FEFA /* LaunchScreen.storyboard */; };
/* End PBXBuildFile section */

/* Begin PBXFileReference section */
		01EC5DA01BC856350028FEFA /* SplitViewYouTube.app */ = {isa = PBXFileReference; explicitFileType = wrapper.application; includeInIndex = 0; path = SplitViewYouTube.app; sourceTree = BUILT_PRODUCTS_DIR; };
		01EC5DA31BC856350028FEFA /* AppDelegate.swift */ = {isa = PBXFileReference; lastKnownFileType = sourcecode.swift; path = AppDelegate.swift; sourceTree = "<group>"; };
		01EC5DA51BC856350028FEFA /* ViewController.swift */ = {isa = PBXFileReference; lastKnownFileType = sourcecode.swift; path = ViewController.swift; sourceTree = "<group>"; };
		01EC5DA81BC856350028FEFA /* Base */ = {isa = PBXFileReference; lastKnownFileType = file.storyboard; name = Base; path = Base.lproj/Main.storyboard; sourceTree = "<group>"; };
		01EC5DAA1BC856350028FEFA /* Assets.xcassets */ = {isa = PBXFileReference; lastKnownFileType = folder.assetcatalog; path = Assets.xcassets; sourceTree = "<group>"; };
		01EC5DAD1BC856350028FEFA /* Base */ = {isa = PBXFileReference; lastKnownFileType = file.storyboard; name = Base; path = Base.lproj/LaunchScreen.storyboard; sourceTree = "<group>"; };
		01EC5DAF1BC856350028FEFA /* Info.plist */ = {isa = PBXFileReference; lastKnownFileType = text.plist.xml; path = Info.plist; sourceTree = "<group>"; };
/* End PBXFileReference section */

/* Begin PBXFrameworksBuildPhase section */
		01EC5D9D1BC856350028FEFA /* Frameworks */ = {
			isa = PBXFrameworksBuildPhase;
			buildActionMask = 2147483647;
			files = (
			);
			runOnlyForDeploymentPostprocessing = 0;
		};
/* End PBXFrameworksBuildPhase section */

/* Begin PBXGroup section */
		01EC5D971BC856350028FEFA = {
			isa = PBXGroup;
			children = (
				01EC5DA21BC856350028FEFA /* SplitViewYouTube */,
				01EC5DA11BC856350028FEFA /* Products */,
			);
			sourceTree = "<group>";
		};
		01EC5DA11BC856350028FEFA /* Products */ = {
			isa = PBXGroup;
			children = (
				01EC5DA01BC856350028FEFA /* SplitViewYouTube.app */,
			);
			name = Products;
			sourceTree = "<group>";
		};
		01EC5DA21BC856350028FEFA /* SplitViewYouTube */ = {
			isa = PBXGroup;
			children = (
				01EC5DA31BC856350028FEFA /* AppDelegate.swift */,
				01EC5DA51BC856350028FEFA /* ViewController.swift */,
				01EC5DA71BC856350028FEFA /* Main.storyboard */,
				01EC5DAA1BC856350028FEFA /* Assets.xcassets */,
				01EC5DAC1BC856350028FEFA /* LaunchScreen.storyboard */,
				01EC5DAF1BC856350028FEFA /* Info.plist */,
			);
			path = SplitViewYouTube;
			sourceTree = "<group>";
		};
/* End PBXGroup section */

/* Begin PBXNativeTarget section */
		01EC5D9F1BC856350028FEFA /* SplitViewYouTube */ = {
			isa = PBXNativeTarget;
			buildConfigurationList = 01EC5DB21BC856350028FEFA /* Build configuration list for PBXNativeTarget "SplitViewYouTube" */;
			buildPhases = (
				01EC5D9C1BC856350028FEFA /* Sources */,
				01EC5D9D1BC856350028FEFA /* Frameworks */,
				01EC5D9E1BC856350028FEFA /* Resources */,
			);
			buildRules = (
			);
			dependencies = (
			);
			name = SplitViewYouTube;
			productName = SplitViewYouTube;
			productReference = 01EC5DA01BC856350028FEFA /* SplitViewYouTube.app */;
			productType = "com.apple.product-type.application";
		};
/* End PBXNativeTarget section */

/* Begin PBXProject section */
		01EC5D981BC856350028FEFA /* Project object */ = {
			isa = PBXProject;
			attributes = {
				LastUpgradeCheck = 0710;
				ORGANIZATIONNAME = "Tanmay Bakshi";
				TargetAttributes = {
					01EC5D9F1BC856350028FEFA = {
						CreatedOnToolsVersion = 7.1;
					};
				};
			};
			buildConfigurationList = 01EC5D9B1BC856350028FEFA /* Build configuration list for PBXProject "SplitViewYouTube" */;
			compatibilityVersion = "Xcode 3.2";
			developmentRegion = English;
			hasScannedForEncodings = 0;
			knownRegions = (
				en,
				Base,
			);
			mainGroup = 01EC5D971BC856350028FEFA;
			productRefGroup = 01EC5DA11BC856350028FEFA /* Products */;
			projectDirPath = "";
			projectRoot = "";
			targets = (
				01EC5D9F1BC856350028FEFA /* SplitViewYouTube */,
			);
		};
/* End PBXProject section */

/* Begin PBXResourcesBuildPhase section */
		01EC5D9E1BC856350028FEFA /* Resources */ = {
			isa = PBXResourcesBuildPhase;
			buildActionMask = 2147483647;
			files = (
				01EC5DAE1BC856350028FEFA /* LaunchScreen.storyboard in Resources */,
				01EC5DAB1BC856350028FEFA /* Assets.xcassets in Resources */,
				01EC5DA91BC856350028FEFA /* Main.storyboard in Resources */,
			);
			runOnlyForDeploymentPostprocessing = 0;
		};
/* End PBXResourcesBuildPhase section */

/* Begin PBXSourcesBuildPhase section */
		01EC5D9C1BC856350028FEFA /* Sources */ = {
			isa = PBXSourcesBuildPhase;
			buildActionMask = 2147483647;
			files = (
				01EC5DA61BC856350028FEFA /* ViewController.swift in Sources */,
				01EC5DA41BC856350028FEFA /* AppDelegate.swift in Sources */,
			);
			runOnlyForDeploymentPostprocessing = 0;
		};
/* End PBXSourcesBuildPhase section */

/* Begin PBXVariantGroup section */
		01EC5DA71BC856350028FEFA /* Main.storyboard */ = {
			isa = PBXVariantGroup;
			children = (
				01EC5DA81BC856350028FEFA /* Base */,
			);
			name = Main.storyboard;
			sourceTree = "<group>";
		};
		01EC5DAC1BC856350028FEFA /* LaunchScreen.storyboard */ = {
			isa = PBXVariantGroup;
			children = (
				01EC5DAD1BC856350028FEFA /* Base */,
			);
			name = LaunchScreen.storyboard;
			sourceTree = "<group>";
		};
/* End PBXVariantGroup section */

/* Begin XCBuildConfiguration section */
		01EC5DB01BC856350028FEFA /* Debug */ = {
			isa = XCBuildConfiguration;
			buildSettings = {
				ALWAYS_SEARCH_USER_PATHS = NO;
				CLANG_CXX_LANGUAGE_STANDARD = "gnu++0x";
				CLANG_CXX_LIBRARY = "libc++";
				CLANG_ENABLE_MODULES = YES;
				CLANG_ENABLE_OBJC_ARC = YES;
				CLANG_WARN_BOOL_CONVERSION = YES;
				CLANG_WARN_CONSTANT_CONVERSION = YES;
				CLANG_WARN_DIRECT_OBJC_ISA_USAGE = YES_ERROR;
				CLANG_WARN_EMPTY_BODY = YES;
				CLANG_WARN_ENUM_CONVERSION = YES;
				CLANG_WARN_INT_CONVERSION = YES;
				CLANG_WARN_OBJC_ROOT_CLASS = YES_ERROR;
				CLANG_WARN_UNREACHABLE_CODE = YES;
				CLANG_WARN__DUPLICATE_METHOD_MATCH = YES;
				"CODE_SIGN_IDENTITY[sdk=iphoneos*]" = "iPhone Developer";
				COPY_PHASE_STRIP = NO;
				DEBUG_INFORMATION_FORMAT = dwarf;
				ENABLE_STRICT_OBJC_MSGSEND = YES;
				ENABLE_TESTABILITY = YES;
				GCC_C_LANGUAGE_STANDARD = gnu99;
				GCC_DYNAMIC_NO_PIC = NO;
				GCC_NO_COMMON_BLOCKS = YES;
				GCC_OPTIMIZATION_LEVEL = 0;
				GCC_PREPROCESSOR_DEFINITIONS = (
					"DEBUG=1",
					"$(inherited)",
				);
				GCC_WARN_64_TO_32_BIT_CONVERSION = YES;
				GCC_WARN_ABOUT_RETURN_TYPE = YES_ERROR;
				GCC_WARN_UNDECLARED_SELECTOR = YES;
				GCC_WARN_UNINITIALIZED_AUTOS = YES_AGGRESSIVE;
				GCC_WARN_UNUSED_FUNCTION = YES;
				GCC_WARN_UNUSED_VARIABLE = YES;
				IPHONEOS_DEPLOYMENT_TARGET = 9.1;
				MTL_ENABLE_DEBUG_INFO = YES;
				ONLY_ACTIVE_ARCH = YES;
				SDKROOT = iphoneos;
				SWIFT_OPTIMIZATION_LEVEL = "-Onone";
			};
			name = Debug;
		};
		01EC5DB11BC856350028FEFA /* Release */ = {
			isa = XCBuildConfiguration;
			buildSettings = {
				ALWAYS_SEARCH_USER_PATHS = NO;
				CLANG_CXX_LANGUAGE_STANDARD = "gnu++0x";
				CLANG_CXX_LIBRARY = "libc++";
				CLANG_ENABLE_MODULES = YES;
				CLANG_ENABLE_OBJC_ARC = YES;
				CLANG_WARN_BOOL_CONVERSION = YES;
				CLANG_WARN_CONSTANT_CONVERSION = YES;
				CLANG_WARN_DIRECT_OBJC_ISA_USAGE = YES_ERROR;
				CLANG_WARN_EMPTY_BODY = YES;
				CLANG_WARN_ENUM_CONVERSION = YES;
				CLANG_WARN_INT_CONVERSION = YES;
				CLANG_WARN_OBJC_ROOT_CLASS = YES_ERROR;
				CLANG_WARN_UNREACHABLE_CODE = YES;
				CLANG_WARN__DUPLICATE_METHOD_MATCH = YES;
				"CODE_SIGN_IDENTITY[sdk=iphoneos*]" = "iPhone Developer";
				COPY_PHASE_STRIP = NO;
				DEBUG_INFORMATION_FORMAT = "dwarf-with-dsym";
				ENABLE_NS_ASSERTIONS = NO;
				ENABLE_STRICT_OBJC_MSGSEND = YES;
				GCC_C_LANGUAGE_STANDARD = gnu99;
				GCC_NO_COMMON_BLOCKS = YES;
				GCC_WARN_64_TO_32_BIT_CONVERSION = YES;
				GCC_WARN_ABOUT_RETURN_TYPE = YES_ERROR;
				GCC_WARN_UNDECLARED_SELECTOR = YES;
				GCC_WARN_UNINITIALIZED_AUTOS = YES_AGGRESSIVE;
				GCC_WARN_UNUSED_FUNCTION = YES;
				GCC_WARN_UNUSED_VARIABLE = YES;
				IPHONEOS_DEPLOYMENT_TARGET = 9.1;
				MTL_ENABLE_DEBUG_INFO = NO;
				SDKROOT = iphoneos;
				VALIDATE_PRODUCT = YES;
			};
			name = Release;
		};
		01EC5DB31BC856350028FEFA /* Debug */ = {
			isa = XCBuildConfiguration;
			buildSettings = {
				ASSETCATALOG_COMPILER_APPICON_NAME = AppIcon;
				INFOPLIST_FILE = SplitViewYouTube/Info.plist;
				LD_RUNPATH_SEARCH_PATHS = "$(inherited) @executable_path/Frameworks";
				PRODUCT_BUNDLE_IDENTIFIER = TBSS.SplitViewYouTube;
				PRODUCT_NAME = "$(TARGET_NAME)";
			};
			name = Debug;
		};
		01EC5DB41BC856350028FEFA /* Release */ = {
			isa = XCBuildConfiguration;
			buildSettings = {
				ASSETCATALOG_COMPILER_APPICON_NAME = AppIcon;
				INFOPLIST_FILE = SplitViewYouTube/Info.plist;
				LD_RUNPATH_SEARCH_PATHS = "$(inherited) @executable_path/Frameworks";
				PRODUCT_BUNDLE_IDENTIFIER = TBSS.SplitViewYouTube;
				PRODUCT_NAME = "$(TARGET_NAME)";
			};
			name = Release;
		};
/* End XCBuildConfiguration section */

/* Begin XCConfigurationList section */
		01EC5D9B1BC856350028FEFA /* Build configuration list for PBXProject "SplitViewYouTube" */ = {
			isa = XCConfigurationList;
			buildConfigurations = (
				01EC5DB01BC856350028FEFA /* Debug */,
				01EC5DB11BC856350028FEFA /* Release */,
			);
			defaultConfigurationIsVisible = 0;
			defaultConfigurationName = Release;
		};
		01EC5DB21BC856350028FEFA /* Build configuration list for PBXNativeTarget "SplitViewYouTube" */ = {
			isa = XCConfigurationList;
			buildConfigurations = (
				01EC5DB31BC856350028FEFA /* Debug */,
				01EC5DB41BC856350028FEFA /* Release */,
			);
			defaultConfigurationIsVisible = 0;
		};
/* End XCConfigurationList section */
	};
	rootObject = 01EC5D981BC856350028FEFA /* Project object */;
}
